
Microsoft Visual Studio Solution File, Format Version 12.00
# Visual Studio Version 17
VisualStudioVersion = 17.2.32630.192
MinimumVisualStudioVersion = 10.0.40219.1
Project("{9A19103F-16F7-4668-BE54-9A1E7A4F7556}") = "LearnCSharp", "LearnCSharp\LearnCSharp.csproj", "{87DFE10E-FFF6-48A7-B4D9-77C131DB04CC}"
EndProject
Global
	GlobalSection(SolutionConfigurationPlatforms) = preSolution
		Debug|Any CPU = Debug|Any CPU
		Release|Any CPU = Release|Any CPU
	EndGlobalSection
	GlobalSection(ProjectConfigurationPlatforms) = postSolution
		{87DFE10E-FFF6-48A7-B4D9-77C131DB04CC}.Debug|Any CPU.ActiveCfg = Debug|Any CPU
		{87DFE10E-FFF6-48A7-B4D9-77C131DB04CC}.Debug|Any CPU.Build.0 = Debug|Any CPU
		{87DFE10E-FFF6-48A7-B4D9-77C131DB04CC}.Release|Any CPU.ActiveCfg = Release|Any CPU
		{87DFE10E-FFF6-48A7-B4D9-77C131DB04CC}.Release|Any CPU.Build.0 = Release|Any CPU
	EndGlobalSection
	GlobalSection(SolutionProperties) = preSolution
		HideSolutionNode = FALSE
	EndGlobalSection
	GlobalSection(ExtensibilityGlobals) = postSolution
		SolutionGuid = {55BB232B-DF98-418F-8BD1-491639AFB5B3}
	EndGlobalSection
EndGlobal
